{
  "spec/json/merge/comment_behavior_matrix_spec.rb:3886461482": [
    [6, 1, 95, "RSpec/SpecFilePathFormat: Spec path should end with `json/merge/smart_merger*comment_behavior_matrix*_spec.rb`.", 1876302151],
    [6, 42, 25, "RSpec/DescribeMethod: The second argument to describe should be the method being tested. '#instance' or '.class'.", 1921084705],
    [19, 21, 24, "RSpec/DescribedClass: Use `described_class` instead of `Json::Merge::SmartMerger`.", 2605773078]
  ]
}
