{
  "lib/json/merge/conflict_resolver.rb:2161374772": [
    [617, 9, 36, "Style/InvertibleUnlessCondition: Prefer `if end_line < start_line` over `unless end_line >= start_line`.", 2942502673],
    [730, 9, 31, "Style/InvertibleUnlessCondition: Prefer `if quote_count.odd?` over `unless quote_count.even?`.", 820534994]
  ],
  "lib/json/merge/node_wrapper.rb:4218039959": [
    [224, 13, 35, "Lint/RescueException: Avoid rescuing the `Exception` class. Perhaps you meant to rescue `StandardError`?", 383210632]
  ],
  "spec/integration/jsonc_conflict_resolver_spec.rb:2484416886": [
    [8, 5, 313, "RSpec/LeakyConstantDeclaration: Stub constant instead of declaring explicitly.", 1601196927]
  ],
  "spec/integration/removal_mode_compliance_spec.rb:721977486": [
    [6, 1, 54, "RSpec/SpecFilePathFormat: Spec path should end with `json/merge/smart_merger*_spec.rb`.", 2448782932]
  ]
}
